
Microsoft Visual Studio Solution File, Format Version 12.00
# Visual Studio Version 16
VisualStudioVersion = 16.0.30717.126
MinimumVisualStudioVersion = 10.0.40219.1
Project("{E24C65DC-7377-472B-9ABA-BC803B73C61A}") = "ThreeJSBCUPong", ".", "{4CB27436-89AE-4716-B2A8-F4F2BA808D31}"
	ProjectSection(WebsiteProperties) = preProject
		TargetFrameworkMoniker = ".NETFramework,Version%3Dv4.7.2"
		Debug.AspNetCompiler.VirtualPath = "/localhost_58040"
		Debug.AspNetCompiler.PhysicalPath = "..\ThreeJSBCUPong\"
		Debug.AspNetCompiler.TargetPath = "PrecompiledWeb\localhost_58040\"
		Debug.AspNetCompiler.Updateable = "true"
		Debug.AspNetCompiler.ForceOverwrite = "true"
		Debug.AspNetCompiler.FixedNames = "false"
		Debug.AspNetCompiler.Debug = "True"
		Release.AspNetCompiler.VirtualPath = "/localhost_58040"
		Release.AspNetCompiler.PhysicalPath = "..\ThreeJSBCUPong\"
		Release.AspNetCompiler.TargetPath = "PrecompiledWeb\localhost_58040\"
		Release.AspNetCompiler.Updateable = "true"
		Release.AspNetCompiler.ForceOverwrite = "true"
		Release.AspNetCompiler.FixedNames = "false"
		Release.AspNetCompiler.Debug = "False"
		VWDPort = "58040"
		SlnRelativePath = "..\ThreeJSBCUPong\"
		DefaultWebSiteLanguage = "Visual C#"
	EndProjectSection
EndProject
Global
	GlobalSection(SolutionConfigurationPlatforms) = preSolution
		Debug|Any CPU = Debug|Any CPU
	EndGlobalSection
	GlobalSection(ProjectConfigurationPlatforms) = postSolution
		{4CB27436-89AE-4716-B2A8-F4F2BA808D31}.Debug|Any CPU.ActiveCfg = Debug|Any CPU
		{4CB27436-89AE-4716-B2A8-F4F2BA808D31}.Debug|Any CPU.Build.0 = Debug|Any CPU
	EndGlobalSection
	GlobalSection(SolutionProperties) = preSolution
		HideSolutionNode = FALSE
	EndGlobalSection
	GlobalSection(ExtensibilityGlobals) = postSolution
		SolutionGuid = {E8A5D278-FD99-4BB2-BAC0-DAFC8EFD8487}
	EndGlobalSection
EndGlobal
